
Microsoft Visual Studio Solution File, Format Version 12.00
# Visual Studio Version 17
VisualStudioVersion = 17.8.34330.188
MinimumVisualStudioVersion = 10.0.40219.1
Project("{FAE04EC0-301F-11D3-BF4B-00C04F79EFBC}") = "AnotherFunction", "AnotherFunction.csproj", "{7E01AD10-5A11-4B37-A786-064A7303C119}"
EndProject
Global
	GlobalSection(SolutionConfigurationPlatforms) = preSolution
		Debug|Any CPU = Debug|Any CPU
		Release|Any CPU = Release|Any CPU
	EndGlobalSection
	GlobalSection(ProjectConfigurationPlatforms) = postSolution
		{7E01AD10-5A11-4B37-A786-064A7303C119}.Debug|Any CPU.ActiveCfg = Debug|Any CPU
		{7E01AD10-5A11-4B37-A786-064A7303C119}.Debug|Any CPU.Build.0 = Debug|Any CPU
		{7E01AD10-5A11-4B37-A786-064A7303C119}.Release|Any CPU.ActiveCfg = Release|Any CPU
		{7E01AD10-5A11-4B37-A786-064A7303C119}.Release|Any CPU.Build.0 = Release|Any CPU
	EndGlobalSection
	GlobalSection(SolutionProperties) = preSolution
		HideSolutionNode = FALSE
	EndGlobalSection
	GlobalSection(ExtensibilityGlobals) = postSolution
		SolutionGuid = {761F05C6-7077-462A-B139-A115AB8CBD0D}
	EndGlobalSection
EndGlobal
